
Microsoft Visual Studio Solution File, Format Version 12.00
# Visual Studio Version 16
VisualStudioVersion = 16.0.32106.194
MinimumVisualStudioVersion = 10.0.40219.1
Project("{FAE04EC0-301F-11D3-BF4B-00C04F79EFBC}") = "DirectorsAndFiles", "DirectorsAndFiles\DirectorsAndFiles.csproj", "{F2DFED2C-3DBF-45B7-94B8-D23C3255930E}"
EndProject
Project("{FAE04EC0-301F-11D3-BF4B-00C04F79EFBC}") = "WishList", "WishList\WishList.csproj", "{C84103FC-5D05-4655-9577-DD3AA03944EB}"
EndProject
Project("{FAE04EC0-301F-11D3-BF4B-00C04F79EFBC}") = "MyWishListFile", "MyWishListFile\MyWishListFile.csproj", "{105DE747-852A-4644-93F8-1C6B0F709351}"
EndProject
Project("{FAE04EC0-301F-11D3-BF4B-00C04F79EFBC}") = "ShoppingList", "ShoppingList\ShoppingList.csproj", "{85CFCA17-51D3-4FAE-B997-365B5F5E9405}"
EndProject
Project("{FAE04EC0-301F-11D3-BF4B-00C04F79EFBC}") = "MyShoppingList", "MyShoppingList\MyShoppingList.csproj", "{73384BF3-5E3B-43FA-81A1-F34A4311ADEF}"
EndProject
Global
	GlobalSection(SolutionConfigurationPlatforms) = preSolution
		Debug|Any CPU = Debug|Any CPU
		Release|Any CPU = Release|Any CPU
	EndGlobalSection
	GlobalSection(ProjectConfigurationPlatforms) = postSolution
		{F2DFED2C-3DBF-45B7-94B8-D23C3255930E}.Debug|Any CPU.ActiveCfg = Debug|Any CPU
		{F2DFED2C-3DBF-45B7-94B8-D23C3255930E}.Debug|Any CPU.Build.0 = Debug|Any CPU
		{F2DFED2C-3DBF-45B7-94B8-D23C3255930E}.Release|Any CPU.ActiveCfg = Release|Any CPU
		{F2DFED2C-3DBF-45B7-94B8-D23C3255930E}.Release|Any CPU.Build.0 = Release|Any CPU
		{C84103FC-5D05-4655-9577-DD3AA03944EB}.Debug|Any CPU.ActiveCfg = Debug|Any CPU
		{C84103FC-5D05-4655-9577-DD3AA03944EB}.Debug|Any CPU.Build.0 = Debug|Any CPU
		{C84103FC-5D05-4655-9577-DD3AA03944EB}.Release|Any CPU.ActiveCfg = Release|Any CPU
		{C84103FC-5D05-4655-9577-DD3AA03944EB}.Release|Any CPU.Build.0 = Release|Any CPU
		{105DE747-852A-4644-93F8-1C6B0F709351}.Debug|Any CPU.ActiveCfg = Debug|Any CPU
		{105DE747-852A-4644-93F8-1C6B0F709351}.Debug|Any CPU.Build.0 = Debug|Any CPU
		{105DE747-852A-4644-93F8-1C6B0F709351}.Release|Any CPU.ActiveCfg = Release|Any CPU
		{105DE747-852A-4644-93F8-1C6B0F709351}.Release|Any CPU.Build.0 = Release|Any CPU
		{85CFCA17-51D3-4FAE-B997-365B5F5E9405}.Debug|Any CPU.ActiveCfg = Debug|Any CPU
		{85CFCA17-51D3-4FAE-B997-365B5F5E9405}.Debug|Any CPU.Build.0 = Debug|Any CPU
		{85CFCA17-51D3-4FAE-B997-365B5F5E9405}.Release|Any CPU.ActiveCfg = Release|Any CPU
		{85CFCA17-51D3-4FAE-B997-365B5F5E9405}.Release|Any CPU.Build.0 = Release|Any CPU
		{73384BF3-5E3B-43FA-81A1-F34A4311ADEF}.Debug|Any CPU.ActiveCfg = Debug|Any CPU
		{73384BF3-5E3B-43FA-81A1-F34A4311ADEF}.Debug|Any CPU.Build.0 = Debug|Any CPU
		{73384BF3-5E3B-43FA-81A1-F34A4311ADEF}.Release|Any CPU.ActiveCfg = Release|Any CPU
		{73384BF3-5E3B-43FA-81A1-F34A4311ADEF}.Release|Any CPU.Build.0 = Release|Any CPU
	EndGlobalSection
	GlobalSection(SolutionProperties) = preSolution
		HideSolutionNode = FALSE
	EndGlobalSection
	GlobalSection(ExtensibilityGlobals) = postSolution
		SolutionGuid = {EE3211E9-4523-47D2-A3E6-F5A067CA45A0}
	EndGlobalSection
EndGlobal
